// !$*UTF8*$!
{
	archiveVersion = 1;
	classes = {
	};
	objectVersion = 50;
	objects = {

/* Begin PBXBuildFile section */
		848A5D82250FE08D00B5EF7C /* AppDelegate.swift in Sources */ = {isa = PBXBuildFile; fileRef = 848A5D81250FE08D00B5EF7C /* AppDelegate.swift */; };
		848A5D84250FE08D00B5EF7C /* art.scnassets in Resources */ = {isa = PBXBuildFile; fileRef = 848A5D83250FE08D00B5EF7C /* art.scnassets */; };
		848A5D86250FE08D00B5EF7C /* GameViewController.swift in Sources */ = {isa = PBXBuildFile; fileRef = 848A5D85250FE08D00B5EF7C /* GameViewController.swift */; };
		848A5D89250FE08D00B5EF7C /* Main.storyboard in Resources */ = {isa = PBXBuildFile; fileRef = 848A5D87250FE08D00B5EF7C /* Main.storyboard */; };
		848A5D8B250FE09400B5EF7C /* Assets.xcassets in Resources */ = {isa = PBXBuildFile; fileRef = 848A5D8A250FE09400B5EF7C /* Assets.xcassets */; };
		848A5D8E250FE09400B5EF7C /* LaunchScreen.storyboard in Resources */ = {isa = PBXBuildFile; fileRef = 848A5D8C250FE09400B5EF7C /* LaunchScreen.storyboard */; };
		848A5D96250FFE1200B5EF7C /* screenshot-01.png in Resources */ = {isa = PBXBuildFile; fileRef = 848A5D95250FFE1200B5EF7C /* screenshot-01.png */; };
/* End PBXBuildFile section */

/* Begin PBXFileReference section */
		848A5D7E250FE08D00B5EF7C /* Game Practice.app */ = {isa = PBXFileReference; explicitFileType = wrapper.application; includeInIndex = 0; path = "Game Practice.app"; sourceTree = BUILT_PRODUCTS_DIR; };
		848A5D81250FE08D00B5EF7C /* AppDelegate.swift */ = {isa = PBXFileReference; lastKnownFileType = sourcecode.swift; path = AppDelegate.swift; sourceTree = "<group>"; };
		848A5D83250FE08D00B5EF7C /* art.scnassets */ = {isa = PBXFileReference; lastKnownFileType = wrapper.scnassets; path = art.scnassets; sourceTree = "<group>"; };
		848A5D85250FE08D00B5EF7C /* GameViewController.swift */ = {isa = PBXFileReference; lastKnownFileType = sourcecode.swift; path = GameViewController.swift; sourceTree = "<group>"; };
		848A5D88250FE08D00B5EF7C /* Base */ = {isa = PBXFileReference; lastKnownFileType = file.storyboard; name = Base; path = Base.lproj/Main.storyboard; sourceTree = "<group>"; };
		848A5D8A250FE09400B5EF7C /* Assets.xcassets */ = {isa = PBXFileReference; lastKnownFileType = folder.assetcatalog; path = Assets.xcassets; sourceTree = "<group>"; };
		848A5D8D250FE09400B5EF7C /* Base */ = {isa = PBXFileReference; lastKnownFileType = file.storyboard; name = Base; path = Base.lproj/LaunchScreen.storyboard; sourceTree = "<group>"; };
		848A5D8F250FE09400B5EF7C /* Info.plist */ = {isa = PBXFileReference; lastKnownFileType = text.plist.xml; path = Info.plist; sourceTree = "<group>"; };
		848A5D95250FFE1200B5EF7C /* screenshot-01.png */ = {isa = PBXFileReference; lastKnownFileType = image.png; path = "screenshot-01.png"; sourceTree = "<group>"; };
/* End PBXFileReference section */

/* Begin PBXFrameworksBuildPhase section */
		848A5D7B250FE08D00B5EF7C /* Frameworks */ = {
			isa = PBXFrameworksBuildPhase;
			buildActionMask = 2147483647;
			files = (
			);
			runOnlyForDeploymentPostprocessing = 0;
		};
/* End PBXFrameworksBuildPhase section */

/* Begin PBXGroup section */
		848A5D75250FE08D00B5EF7C = {
			isa = PBXGroup;
			children = (
				848A5D80250FE08D00B5EF7C /* Game Practice */,
				848A5D7F250FE08D00B5EF7C /* Products */,
			);
			sourceTree = "<group>";
		};
		848A5D7F250FE08D00B5EF7C /* Products */ = {
			isa = PBXGroup;
			children = (
				848A5D7E250FE08D00B5EF7C /* Game Practice.app */,
			);
			name = Products;
			sourceTree = "<group>";
		};
		848A5D80250FE08D00B5EF7C /* Game Practice */ = {
			isa = PBXGroup;
			children = (
				848A5D97250FFE1600B5EF7C /* Screenshots */,
				848A5D81250FE08D00B5EF7C /* AppDelegate.swift */,
				848A5D83250FE08D00B5EF7C /* art.scnassets */,
				848A5D85250FE08D00B5EF7C /* GameViewController.swift */,
				848A5D87250FE08D00B5EF7C /* Main.storyboard */,
				848A5D8A250FE09400B5EF7C /* Assets.xcassets */,
				848A5D8C250FE09400B5EF7C /* LaunchScreen.storyboard */,
				848A5D8F250FE09400B5EF7C /* Info.plist */,
			);
			path = "Game Practice";
			sourceTree = "<group>";
		};
		848A5D97250FFE1600B5EF7C /* Screenshots */ = {
			isa = PBXGroup;
			children = (
				848A5D95250FFE1200B5EF7C /* screenshot-01.png */,
			);
			path = Screenshots;
			sourceTree = "<group>";
		};
/* End PBXGroup section */

/* Begin PBXNativeTarget section */
		848A5D7D250FE08D00B5EF7C /* Game Practice */ = {
			isa = PBXNativeTarget;
			buildConfigurationList = 848A5D92250FE09400B5EF7C /* Build configuration list for PBXNativeTarget "Game Practice" */;
			buildPhases = (
				848A5D7A250FE08D00B5EF7C /* Sources */,
				848A5D7B250FE08D00B5EF7C /* Frameworks */,
				848A5D7C250FE08D00B5EF7C /* Resources */,
			);
			buildRules = (
			);
			dependencies = (
			);
			name = "Game Practice";
			productName = "Game Practice";
			productReference = 848A5D7E250FE08D00B5EF7C /* Game Practice.app */;
			productType = "com.apple.product-type.application";
		};
/* End PBXNativeTarget section */

/* Begin PBXProject section */
		848A5D76250FE08D00B5EF7C /* Project object */ = {
			isa = PBXProject;
			attributes = {
				LastSwiftUpdateCheck = 1160;
				LastUpgradeCheck = 1160;
				ORGANIZATIONNAME = Servika;
				TargetAttributes = {
					848A5D7D250FE08D00B5EF7C = {
						CreatedOnToolsVersion = 11.6;
					};
				};
			};
			buildConfigurationList = 848A5D79250FE08D00B5EF7C /* Build configuration list for PBXProject "Game Practice" */;
			compatibilityVersion = "Xcode 9.3";
			developmentRegion = en;
			hasScannedForEncodings = 0;
			knownRegions = (
				en,
				Base,
			);
			mainGroup = 848A5D75250FE08D00B5EF7C;
			productRefGroup = 848A5D7F250FE08D00B5EF7C /* Products */;
			projectDirPath = "";
			projectRoot = "";
			targets = (
				848A5D7D250FE08D00B5EF7C /* Game Practice */,
			);
		};
/* End PBXProject section */

/* Begin PBXResourcesBuildPhase section */
		848A5D7C250FE08D00B5EF7C /* Resources */ = {
			isa = PBXResourcesBuildPhase;
			buildActionMask = 2147483647;
			files = (
				848A5D84250FE08D00B5EF7C /* art.scnassets in Resources */,
				848A5D96250FFE1200B5EF7C /* screenshot-01.png in Resources */,
				848A5D8E250FE09400B5EF7C /* LaunchScreen.storyboard in Resources */,
				848A5D8B250FE09400B5EF7C /* Assets.xcassets in Resources */,
				848A5D89250FE08D00B5EF7C /* Main.storyboard in Resources */,
			);
			runOnlyForDeploymentPostprocessing = 0;
		};
/* End PBXResourcesBuildPhase section */

/* Begin PBXSourcesBuildPhase section */
		848A5D7A250FE08D00B5EF7C /* Sources */ = {
			isa = PBXSourcesBuildPhase;
			buildActionMask = 2147483647;
			files = (
				848A5D86250FE08D00B5EF7C /* GameViewController.swift in Sources */,
				848A5D82250FE08D00B5EF7C /* AppDelegate.swift in Sources */,
			);
			runOnlyForDeploymentPostprocessing = 0;
		};
/* End PBXSourcesBuildPhase section */

/* Begin PBXVariantGroup section */
		848A5D87250FE08D00B5EF7C /* Main.storyboard */ = {
			isa = PBXVariantGroup;
			children = (
				848A5D88250FE08D00B5EF7C /* Base */,
			);
			name = Main.storyboard;
			sourceTree = "<group>";
		};
		848A5D8C250FE09400B5EF7C /* LaunchScreen.storyboard */ = {
			isa = PBXVariantGroup;
			children = (
				848A5D8D250FE09400B5EF7C /* Base */,
			);
			name = LaunchScreen.storyboard;
			sourceTree = "<group>";
		};
/* End PBXVariantGroup section */

/* Begin XCBuildConfiguration section */
		848A5D90250FE09400B5EF7C /* Debug */ = {
			isa = XCBuildConfiguration;
			buildSettings = {
				ALWAYS_SEARCH_USER_PATHS = NO;
				CLANG_ANALYZER_NONNULL = YES;
				CLANG_ANALYZER_NUMBER_OBJECT_CONVERSION = YES_AGGRESSIVE;
				CLANG_CXX_LANGUAGE_STANDARD = "gnu++14";
				CLANG_CXX_LIBRARY = "libc++";
				CLANG_ENABLE_MODULES = YES;
				CLANG_ENABLE_OBJC_ARC = YES;
				CLANG_ENABLE_OBJC_WEAK = YES;
				CLANG_WARN_BLOCK_CAPTURE_AUTORELEASING = YES;
				CLANG_WARN_BOOL_CONVERSION = YES;
				CLANG_WARN_COMMA = YES;
				CLANG_WARN_CONSTANT_CONVERSION = YES;
				CLANG_WARN_DEPRECATED_OBJC_IMPLEMENTATIONS = YES;
				CLANG_WARN_DIRECT_OBJC_ISA_USAGE = YES_ERROR;
				CLANG_WARN_DOCUMENTATION_COMMENTS = YES;
				CLANG_WARN_EMPTY_BODY = YES;
				CLANG_WARN_ENUM_CONVERSION = YES;
				CLANG_WARN_INFINITE_RECURSION = YES;
				CLANG_WARN_INT_CONVERSION = YES;
				CLANG_WARN_NON_LITERAL_NULL_CONVERSION = YES;
				CLANG_WARN_OBJC_IMPLICIT_RETAIN_SELF = YES;
				CLANG_WARN_OBJC_LITERAL_CONVERSION = YES;
				CLANG_WARN_OBJC_ROOT_CLASS = YES_ERROR;
				CLANG_WARN_RANGE_LOOP_ANALYSIS = YES;
				CLANG_WARN_STRICT_PROTOTYPES = YES;
				CLANG_WARN_SUSPICIOUS_MOVE = YES;
				CLANG_WARN_UNGUARDED_AVAILABILITY = YES_AGGRESSIVE;
				CLANG_WARN_UNREACHABLE_CODE = YES;
				CLANG_WARN__DUPLICATE_METHOD_MATCH = YES;
				COPY_PHASE_STRIP = NO;
				DEBUG_INFORMATION_FORMAT = dwarf;
				ENABLE_STRICT_OBJC_MSGSEND = YES;
				ENABLE_TESTABILITY = YES;
				GCC_C_LANGUAGE_STANDARD = gnu11;
				GCC_DYNAMIC_NO_PIC = NO;
				GCC_NO_COMMON_BLOCKS = YES;
				GCC_OPTIMIZATION_LEVEL = 0;
				GCC_PREPROCESSOR_DEFINITIONS = (
					"DEBUG=1",
					"$(inherited)",
				);
				GCC_WARN_64_TO_32_BIT_CONVERSION = YES;
				GCC_WARN_ABOUT_RETURN_TYPE = YES_ERROR;
				GCC_WARN_UNDECLARED_SELECTOR = YES;
				GCC_WARN_UNINITIALIZED_AUTOS = YES_AGGRESSIVE;
				GCC_WARN_UNUSED_FUNCTION = YES;
				GCC_WARN_UNUSED_VARIABLE = YES;
				IPHONEOS_DEPLOYMENT_TARGET = 13.6;
				MTL_ENABLE_DEBUG_INFO = INCLUDE_SOURCE;
				MTL_FAST_MATH = YES;
				ONLY_ACTIVE_ARCH = YES;
				SDKROOT = iphoneos;
				SWIFT_ACTIVE_COMPILATION_CONDITIONS = DEBUG;
				SWIFT_OPTIMIZATION_LEVEL = "-Onone";
			};
			name = Debug;
		};
		848A5D91250FE09400B5EF7C /* Release */ = {
			isa = XCBuildConfiguration;
			buildSettings = {
				ALWAYS_SEARCH_USER_PATHS = NO;
				CLANG_ANALYZER_NONNULL = YES;
				CLANG_ANALYZER_NUMBER_OBJECT_CONVERSION = YES_AGGRESSIVE;
				CLANG_CXX_LANGUAGE_STANDARD = "gnu++14";
				CLANG_CXX_LIBRARY = "libc++";
				CLANG_ENABLE_MODULES = YES;
				CLANG_ENABLE_OBJC_ARC = YES;
				CLANG_ENABLE_OBJC_WEAK = YES;
				CLANG_WARN_BLOCK_CAPTURE_AUTORELEASING = YES;
				CLANG_WARN_BOOL_CONVERSION = YES;
				CLANG_WARN_COMMA = YES;
				CLANG_WARN_CONSTANT_CONVERSION = YES;
				CLANG_WARN_DEPRECATED_OBJC_IMPLEMENTATIONS = YES;
				CLANG_WARN_DIRECT_OBJC_ISA_USAGE = YES_ERROR;
				CLANG_WARN_DOCUMENTATION_COMMENTS = YES;
				CLANG_WARN_EMPTY_BODY = YES;
				CLANG_WARN_ENUM_CONVERSION = YES;
				CLANG_WARN_INFINITE_RECURSION = YES;
				CLANG_WARN_INT_CONVERSION = YES;
				CLANG_WARN_NON_LITERAL_NULL_CONVERSION = YES;
				CLANG_WARN_OBJC_IMPLICIT_RETAIN_SELF = YES;
				CLANG_WARN_OBJC_LITERAL_CONVERSION = YES;
				CLANG_WARN_OBJC_ROOT_CLASS = YES_ERROR;
				CLANG_WARN_RANGE_LOOP_ANALYSIS = YES;
				CLANG_WARN_STRICT_PROTOTYPES = YES;
				CLANG_WARN_SUSPICIOUS_MOVE = YES;
				CLANG_WARN_UNGUARDED_AVAILABILITY = YES_AGGRESSIVE;
				CLANG_WARN_UNREACHABLE_CODE = YES;
				CLANG_WARN__DUPLICATE_METHOD_MATCH = YES;
				COPY_PHASE_STRIP = NO;
				DEBUG_INFORMATION_FORMAT = "dwarf-with-dsym";
				ENABLE_NS_ASSERTIONS = NO;
				ENABLE_STRICT_OBJC_MSGSEND = YES;
				GCC_C_LANGUAGE_STANDARD = gnu11;
				GCC_NO_COMMON_BLOCKS = YES;
				GCC_WARN_64_TO_32_BIT_CONVERSION = YES;
				GCC_WARN_ABOUT_RETURN_TYPE = YES_ERROR;
				GCC_WARN_UNDECLARED_SELECTOR = YES;
				GCC_WARN_UNINITIALIZED_AUTOS = YES_AGGRESSIVE;
				GCC_WARN_UNUSED_FUNCTION = YES;
				GCC_WARN_UNUSED_VARIABLE = YES;
				IPHONEOS_DEPLOYMENT_TARGET = 13.6;
				MTL_ENABLE_DEBUG_INFO = NO;
				MTL_FAST_MATH = YES;
				SDKROOT = iphoneos;
				SWIFT_COMPILATION_MODE = wholemodule;
				SWIFT_OPTIMIZATION_LEVEL = "-O";
				VALIDATE_PRODUCT = YES;
			};
			name = Release;
		};
		848A5D93250FE09400B5EF7C /* Debug */ = {
			isa = XCBuildConfiguration;
			buildSettings = {
				ASSETCATALOG_COMPILER_APPICON_NAME = AppIcon;
				CODE_SIGN_STYLE = Automatic;
				DEVELOPMENT_TEAM = J69KBDRNVU;
				INFOPLIST_FILE = "Game Practice/Info.plist";
				LD_RUNPATH_SEARCH_PATHS = (
					"$(inherited)",
					"@executable_path/Frameworks",
				);
				PRODUCT_BUNDLE_IDENTIFIER = "ru.servika.Game-Practice";
				PRODUCT_NAME = "$(TARGET_NAME)";
				SWIFT_VERSION = 5.0;
				TARGETED_DEVICE_FAMILY = "1,2";
			};
			name = Debug;
		};
		848A5D94250FE09400B5EF7C /* Release */ = {
			isa = XCBuildConfiguration;
			buildSettings = {
				ASSETCATALOG_COMPILER_APPICON_NAME = AppIcon;
				CODE_SIGN_STYLE = Automatic;
				DEVELOPMENT_TEAM = J69KBDRNVU;
				INFOPLIST_FILE = "Game Practice/Info.plist";
				LD_RUNPATH_SEARCH_PATHS = (
					"$(inherited)",
					"@executable_path/Frameworks",
				);
				PRODUCT_BUNDLE_IDENTIFIER = "ru.servika.Game-Practice";
				PRODUCT_NAME = "$(TARGET_NAME)";
				SWIFT_VERSION = 5.0;
				TARGETED_DEVICE_FAMILY = "1,2";
			};
			name = Release;
		};
/* End XCBuildConfiguration section */

/* Begin XCConfigurationList section */
		848A5D79250FE08D00B5EF7C /* Build configuration list for PBXProject "Game Practice" */ = {
			isa = XCConfigurationList;
			buildConfigurations = (
				848A5D90250FE09400B5EF7C /* Debug */,
				848A5D91250FE09400B5EF7C /* Release */,
			);
			defaultConfigurationIsVisible = 0;
			defaultConfigurationName = Release;
		};
		848A5D92250FE09400B5EF7C /* Build configuration list for PBXNativeTarget "Game Practice" */ = {
			isa = XCConfigurationList;
			buildConfigurations = (
				848A5D93250FE09400B5EF7C /* Debug */,
				848A5D94250FE09400B5EF7C /* Release */,
			);
			defaultConfigurationIsVisible = 0;
			defaultConfigurationName = Release;
		};
/* End XCConfigurationList section */
	};
	rootObject = 848A5D76250FE08D00B5EF7C /* Project object */;
}
